DEPENDENCIES
  artsy_apr
    path: site-cookbooks/artsy_apr
  artsy_base
    git: git@github.com:artsy/infrastructure.git
    revision: 91bb59abf35d8e8f5ee6dc43c159b336ff1e9020
    tag: artsy_base-v0.1.3
    rel: site-cookbooks/artsy_base
  citadel
    git: https://github.com/artsy/citadel.git
    revision: 6318a807ff3a231e29fed49fb41afe36b492f0ac
    ref: v1.0.4
  nodejs (= 2.4.4)
  ohai (= 3.0.1)

GRAPH
  apt (3.0.0)
  ark (1.1.0)
    build-essential (>= 0.0.0)
    seven_zip (>= 0.0.0)
    windows (>= 0.0.0)
  artsy_apr (0.1.0)
    artsy_base (= 0.1.3)
    aws (= 3.3.2)
    citadel (>= 0.0.0)
    nodejs (= 2.4.4)
  artsy_base (0.1.3)
    apt (= 3.0.0)
    build-essential (= 3.2.0)
    supervisor (= 0.4.12)
  aws (3.3.2)
    ohai (>= 2.1.0)
  build-essential (3.2.0)
    seven_zip (>= 0.0.0)
  chef_handler (1.4.0)
  citadel (1.0.4)
  homebrew (2.1.0)
    build-essential (>= 2.1.2)
  nodejs (2.4.4)
    apt (>= 0.0.0)
    ark (>= 0.0.0)
    build-essential (>= 0.0.0)
    homebrew (>= 0.0.0)
    yum-epel (>= 0.0.0)
  ohai (3.0.1)
  python (1.4.6)
    build-essential (>= 0.0.0)
    yum-epel (>= 0.0.0)
  seven_zip (2.0.1)
    windows (>= 1.2.2)
  supervisor (0.4.12)
    python (>= 0.0.0)
  windows (1.43.0)
    chef_handler (>= 0.0.0)
  yum (3.11.0)
  yum-epel (0.7.0)
    yum (>= 3.6.3)
